github.com/fatih/color v1.15.0 h1:kOqh6YHBtK8aywxGerMG2Eq3H6Qgoqeo13Bk2Mv/nBs=
github.com/fatih/color v1.15.0/go.mod h1:0h5ZqXfHYED7Bhv2ZJamyIOUej9KtShiJESRwBDUSsw=
github.com/fbaube/ctoken v0.0.0-20230518060940-6f364ff08c9d h1:Ho83tg72qWOPWG2jz33q3GP73sTxZ8BpsZcvCDOVhyY=
github.com/fbaube/ctoken v0.0.0-20230518060940-6f364ff08c9d/go.mod h1:COLDuMsFubQGBOLbZH28QH3ToFG8163qvGSqxyWrrJ0=
github.com/fbaube/dsmnd v0.0.0-20230622205413-6095fd80db31 h1:EAJtfmCOSscCYOW/BPJO/2N5DS0IZUjVpmgVG5xd1c4=
github.com/fbaube/dsmnd v0.0.0-20230622205413-6095fd80db31/go.mod h1:1aIEJqfWly2hJigHXVeo+2qb99HM5sLR9PTSGPMtHVI=
github.com/fbaube/fileutils v0.0.0-20230622205530-1d7f778c2e03 h1:lCPylWVreov9maJ4r3BDDNQfGbFTrprNvtpoz+sU80o=
github.com/fbaube/fileutils v0.0.0-20230622205530-1d7f778c2e03/go.mod h1:Q3NOQ00NULN3Un/dxrzYDaFacMnjW9vG1Ffe3cHRdro=
github.com/fbaube/logutils v0.0.0-20230607184837-dc04e193943f h1:VTDV8/2yaxUotHOrmZnX0CyT4ZkbEpBJ/urdELXOtus=
github.com/fbaube/logutils v0.0.0-20230607184837-dc04e193943f/go.mod h1:SmFhg4J/pEhoEyLd2BG08Si63qZfeqbThhRmeAEwVb0=
github.com/fbaube/miscutils v0.0.0-20230402173202-ac4340addc77 h1:0FOwWtW7+wcTo8Ay6adcQjtGC/fehQ/c/m3RgrZJM5A=
github.com/fbaube/miscutils v0.0.0-20230402173202-ac4340addc77/go.mod h1:QWUtijH+g/jvxNzVNSLpJqPCER1ZWG3By7eIjAWQAZM=
github.com/fbaube/mlog v0.0.0-20230205182808-c77321da3ff3 h1:7jj0bGJw09SQ9mOIeuDJJ4XYgmgSK2T9PO6PH1c5bdo=
github.com/fbaube/mlog v0.0.0-20230205182808-c77321da3ff3/go.mod h1:7zMkNQqfN6ZueDR3jAJcDBKJ8fmCGnP/LyfBnQMT4io=
github.com/fbaube/repoutils v0.0.0-20230622205932-7aa3d9781632 h1:2p0mqGE6njXGafaL6GiPLOQUX77WgpWJjyLbSAapr4E=
github.com/fbaube/repoutils v0.0.0-20230622205932-7aa3d9781632/go.mod h1:++AegY91NY1iYeLRHeAORQq4DM0HEqe2G3cA4psdnVA=
github.com/fbaube/sqlite3 v0.0.0-20230622182711-a6140311d5d2 h1:e2n0fY+ONTjXHcpG0/IfrJdXZ4VugifQfktY+pz0KwU=
github.com/fbaube/sqlite3 v0.0.0-20230622182711-a6140311d5d2/go.mod h1:vYzBSGC+jBvm7d3fUpwElcXoGZ7/aUYpkQ/Taaa2yL0=
github.com/fbaube/stringutils v0.0.0-20230622210105-a1af04c1f93d h1:H8t4vPZzeXk7rQnlmdO9ZDaduKBxb77jmsF/sZfOtS0=
github.com/fbaube/stringutils v0.0.0-20230622210105-a1af04c1f93d/go.mod h1:pyXNXdLCEtNZyV2GFdbOGiO6nDrH6SVmxp7EG9oISIE=
github.com/fbaube/wasmutils v0.0.0-20230206184435-0359d2530836 h1:BdIoarwH6oJnCd48OYRsySOnecq74M7VweG+9iXW00c=
github.com/fbaube/wasmutils v0.0.0-20230206184435-0359d2530836/go.mod h1:zvSKkP2Q1b0bu5IuwmY0b2x4ZXEZMYcG0ClOKublfR0=
github.com/fbaube/xmlutils v0.0.0-20230518061403-2465e549e10a h1:WKOpf0tZO+vkMgH1mMD0RpQmGGxNPtfpFLuhzf42Nfc=
github.com/fbaube/xmlutils v0.0.0-20230518061403-2465e549e10a/go.mod h1:b9yEIFiCE4cPVYOTU6LXWgv5QtudKv5w18Zrjqou0pM=
github.com/gabriel-vasile/mimetype v1.4.2 h1:w5qFW6JKBz9Y393Y4q372O9A7cUSequkh1Q7OhCmWKU=
github.com/gabriel-vasile/mimetype v1.4.2/go.mod h1:zApsH/mKG4w07erKIaJPFiX0Tsq9BFQgN3qGY5GnNgA=
github.com/mattn/go-colorable v0.1.13 h1:fFA4WZxdEF4tXPZVKMLwD8oUnCTTo08duU7wxecdEvA=
github.com/mattn/go-colorable v0.1.13/go.mod h1:7S9/ev0klgBDR4GtXTXX8a3vIGJpMovkB8vQcUbaXHg=
github.com/mattn/go-isatty v0.0.16/go.mod h1:kYGgaQfpe5nmfYZH+SKPsOc2e4SrIfOl2e/yFXSvRLM=
github.com/mattn/go-isatty v0.0.17 h1:BTarxUcIeDqL27Mc+vyvdWYSL28zpIhv3RoTdsLMPng=
github.com/mattn/go-isatty v0.0.17/go.mod h1:kYGgaQfpe5nmfYZH+SKPsOc2e4SrIfOl2e/yFXSvRLM=
github.com/mgutz/str v1.2.0 h1:4IzWSdIz9qPQWLfKZ0rJcV0jcUDpxvP4JVZ4GXQyvSw=
github.com/mgutz/str v1.2.0/go.mod h1:w1v0ofgLaJdoD0HpQ3fycxKD1WtxpjSo151pK/31q6w=
golang.org/x/net v0.11.0 h1:Gi2tvZIJyBtO9SDr1q9h5hEQCp/4L2RQ+ar0qjx2oNU=
golang.org/x/net v0.11.0/go.mod h1:2L/ixqYpgIVXmeoSA/4Lu7BzTG4KIyPIryS4IsOd1oQ=
golang.org/x/sys v0.0.0-20220811171246-fbc7d0a398ab/go.mod h1:oPkhp1MJrh7nUepCBck5+mAzfO9JrbApNNgaTdGDITg=
golang.org/x/sys v0.9.0 h1:KS/R3tvhPqvJvwcKfnBHJwwthS11LRhmM5D59eEXa0s=
golang.org/x/sys v0.9.0/go.mod h1:oPkhp1MJrh7nUepCBck5+mAzfO9JrbApNNgaTdGDITg=
golang.org/x/tools v0.10.0 h1:tvDr/iQoUqNdohiYm0LmmKcBk+q86lb9EprIUFhHHGg=
golang.org/x/tools v0.10.0/go.mod h1:UJwyiVBsOA2uwvK/e5OY3GTpDUJriEd+/YlqAwLPmyM=
gopkg.in/check.v1 v0.0.0-20161208181325-20d25e280405 h1:yhCVgyC4o1eVCa2tZl7eS0r+SDo693bJlVdllGtEeKM=
gopkg.in/check.v1 v0.0.0-20161208181325-20d25e280405/go.mod h1:Co6ibVJAznAaIkqp8huTwlJQCZ016jof/cbN4VW5Yz0=
gopkg.in/yaml.v2 v2.4.0 h1:D8xgwECY7CYvx+Y2n4sBz93Jn9JRvxdiyyo8CTfuKaY=
gopkg.in/yaml.v2 v2.4.0/go.mod h1:RDklbk79AGWmwhnvt/jBztapEOGDOx6ZbXqjP6csGnQ=
