github.com/fatih/color v1.15.0 h1:kOqh6YHBtK8aywxGerMG2Eq3H6Qgoqeo13Bk2Mv/nBs=
github.com/fatih/color v1.15.0/go.mod h1:0h5ZqXfHYED7Bhv2ZJamyIOUej9KtShiJESRwBDUSsw=
github.com/fbaube/ctoken v0.0.0-20230518060940-6f364ff08c9d h1:Ho83tg72qWOPWG2jz33q3GP73sTxZ8BpsZcvCDOVhyY=
github.com/fbaube/ctoken v0.0.0-20230518060940-6f364ff08c9d/go.mod h1:COLDuMsFubQGBOLbZH28QH3ToFG8163qvGSqxyWrrJ0=
github.com/fbaube/dsmnd v0.0.0-20230612185132-db1a09c6de38 h1:ZAdMXDHNBSB9yqGxP+ATfoiUZhidBoBN/xkJ2r4ywOE=
github.com/fbaube/dsmnd v0.0.0-20230612185132-db1a09c6de38/go.mod h1:1aIEJqfWly2hJigHXVeo+2qb99HM5sLR9PTSGPMtHVI=
github.com/fbaube/fileutils v0.0.0-20230605132543-0237cda358d6 h1:wzoXpYL5qlYp379/1HMn+bVviaaXJJYezTQvP4u7Xuc=
github.com/fbaube/fileutils v0.0.0-20230605132543-0237cda358d6/go.mod h1:Q3NOQ00NULN3Un/dxrzYDaFacMnjW9vG1Ffe3cHRdro=
github.com/fbaube/logutils v0.0.0-20230607184837-dc04e193943f h1:VTDV8/2yaxUotHOrmZnX0CyT4ZkbEpBJ/urdELXOtus=
github.com/fbaube/logutils v0.0.0-20230607184837-dc04e193943f/go.mod h1:SmFhg4J/pEhoEyLd2BG08Si63qZfeqbThhRmeAEwVb0=
github.com/fbaube/miscutils v0.0.0-20230402173202-ac4340addc77 h1:0FOwWtW7+wcTo8Ay6adcQjtGC/fehQ/c/m3RgrZJM5A=
github.com/fbaube/miscutils v0.0.0-20230402173202-ac4340addc77/go.mod h1:QWUtijH+g/jvxNzVNSLpJqPCER1ZWG3By7eIjAWQAZM=
github.com/fbaube/mlog v0.0.0-20230205182808-c77321da3ff3 h1:7jj0bGJw09SQ9mOIeuDJJ4XYgmgSK2T9PO6PH1c5bdo=
github.com/fbaube/mlog v0.0.0-20230205182808-c77321da3ff3/go.mod h1:7zMkNQqfN6ZueDR3jAJcDBKJ8fmCGnP/LyfBnQMT4io=
github.com/fbaube/repoutils v0.0.0-20230614203419-8d65ca445082 h1:vQ/t41fPTtrnOAZm2Fz+ogCMnpob54Oqnvmp7vQXw7A=
github.com/fbaube/repoutils v0.0.0-20230614203419-8d65ca445082/go.mod h1:ROqmzvtCsv98dCJLlKA+ALCRspuuZi7ubI53ZZ43ddQ=
github.com/fbaube/stringutils v0.0.0-20230612185027-a01a68c97d21 h1:aquvhkOtepVJzY6ZCOEqjYSmZAnHf+Y428W6LfAJTyI=
github.com/fbaube/stringutils v0.0.0-20230612185027-a01a68c97d21/go.mod h1:pyXNXdLCEtNZyV2GFdbOGiO6nDrH6SVmxp7EG9oISIE=
github.com/fbaube/wasmutils v0.0.0-20230206184435-0359d2530836 h1:BdIoarwH6oJnCd48OYRsySOnecq74M7VweG+9iXW00c=
github.com/fbaube/wasmutils v0.0.0-20230206184435-0359d2530836/go.mod h1:zvSKkP2Q1b0bu5IuwmY0b2x4ZXEZMYcG0ClOKublfR0=
github.com/fbaube/xmlutils v0.0.0-20230518061403-2465e549e10a h1:WKOpf0tZO+vkMgH1mMD0RpQmGGxNPtfpFLuhzf42Nfc=
github.com/fbaube/xmlutils v0.0.0-20230518061403-2465e549e10a/go.mod h1:b9yEIFiCE4cPVYOTU6LXWgv5QtudKv5w18Zrjqou0pM=
github.com/gabriel-vasile/mimetype v1.4.2 h1:w5qFW6JKBz9Y393Y4q372O9A7cUSequkh1Q7OhCmWKU=
github.com/gabriel-vasile/mimetype v1.4.2/go.mod h1:zApsH/mKG4w07erKIaJPFiX0Tsq9BFQgN3qGY5GnNgA=
github.com/mattn/go-colorable v0.1.13 h1:fFA4WZxdEF4tXPZVKMLwD8oUnCTTo08duU7wxecdEvA=
github.com/mattn/go-colorable v0.1.13/go.mod h1:7S9/ev0klgBDR4GtXTXX8a3vIGJpMovkB8vQcUbaXHg=
github.com/mattn/go-isatty v0.0.16/go.mod h1:kYGgaQfpe5nmfYZH+SKPsOc2e4SrIfOl2e/yFXSvRLM=
github.com/mattn/go-isatty v0.0.19 h1:JITubQf0MOLdlGRuRq+jtsDlekdYPia9ZFsB8h/APPA=
github.com/mattn/go-isatty v0.0.19/go.mod h1:W+V8PltTTMOvKvAeJH7IuucS94S2C6jfK/D7dTCTo3Y=
github.com/mgutz/str v1.2.0 h1:4IzWSdIz9qPQWLfKZ0rJcV0jcUDpxvP4JVZ4GXQyvSw=
github.com/mgutz/str v1.2.0/go.mod h1:w1v0ofgLaJdoD0HpQ3fycxKD1WtxpjSo151pK/31q6w=
golang.org/x/net v0.17.0 h1:pVaXccu2ozPjCXewfr1S7xza/zcXTity9cCdXQYSjIM=
golang.org/x/net v0.17.0/go.mod h1:NxSsAGuq816PNPmqtQdLE42eU2Fs7NoRIZrHJAlaCOE=
golang.org/x/sys v0.0.0-20220811171246-fbc7d0a398ab/go.mod h1:oPkhp1MJrh7nUepCBck5+mAzfO9JrbApNNgaTdGDITg=
golang.org/x/sys v0.6.0/go.mod h1:oPkhp1MJrh7nUepCBck5+mAzfO9JrbApNNgaTdGDITg=
golang.org/x/sys v0.13.0 h1:Af8nKPmuFypiUBjVoU9V20FiaFXOcuZI21p0ycVYYGE=
golang.org/x/sys v0.13.0/go.mod h1:oPkhp1MJrh7nUepCBck5+mAzfO9JrbApNNgaTdGDITg=
golang.org/x/tools v0.9.3 h1:Gn1I8+64MsuTb/HpH+LmQtNas23LhUVr3rYZ0eKuaMM=
golang.org/x/tools v0.9.3/go.mod h1:owI94Op576fPu3cIGQeHs3joujW/2Oc6MtlxbF5dfNc=
gopkg.in/check.v1 v0.0.0-20161208181325-20d25e280405 h1:yhCVgyC4o1eVCa2tZl7eS0r+SDo693bJlVdllGtEeKM=
gopkg.in/check.v1 v0.0.0-20161208181325-20d25e280405/go.mod h1:Co6ibVJAznAaIkqp8huTwlJQCZ016jof/cbN4VW5Yz0=
gopkg.in/yaml.v2 v2.4.0 h1:D8xgwECY7CYvx+Y2n4sBz93Jn9JRvxdiyyo8CTfuKaY=
gopkg.in/yaml.v2 v2.4.0/go.mod h1:RDklbk79AGWmwhnvt/jBztapEOGDOx6ZbXqjP6csGnQ=
